
Microsoft Visual Studio Solution File, Format Version 12.00
# Visual Studio Version 17
VisualStudioVersion = 17.9.34622.214
MinimumVisualStudioVersion = 10.0.40219.1
Project("{F1153F4A-4E69-498B-820F-5D2140E3CFD8}") = "Faze Hwid Spoofer", "Faze Hwid Spoofer\Faze Hwid Spoofer.vcxproj", "{0182B1BC-BAC9-43B5-9BFE-52EDD7DBC934}"
EndProject
Global
	GlobalSection(SolutionConfigurationPlatforms) = preSolution
		Debug|x64 = Debug|x64
		Debug|x86 = Debug|x86
		Release|x64 = Release|x64
		Release|x86 = Release|x86
	EndGlobalSection
	GlobalSection(ProjectConfigurationPlatforms) = postSolution
		{0182B1BC-BAC9-43B5-9BFE-52EDD7DBC934}.Debug|x64.ActiveCfg = Debug|x64
		{0182B1BC-BAC9-43B5-9BFE-52EDD7DBC934}.Debug|x64.Build.0 = Debug|x64
		{0182B1BC-BAC9-43B5-9BFE-52EDD7DBC934}.Debug|x86.ActiveCfg = Debug|Win32
		{0182B1BC-BAC9-43B5-9BFE-52EDD7DBC934}.Debug|x86.Build.0 = Debug|Win32
		{0182B1BC-BAC9-43B5-9BFE-52EDD7DBC934}.Release|x64.ActiveCfg = Release|x64
		{0182B1BC-BAC9-43B5-9BFE-52EDD7DBC934}.Release|x64.Build.0 = Release|x64
		{0182B1BC-BAC9-43B5-9BFE-52EDD7DBC934}.Release|x86.ActiveCfg = Release|Win32
		{0182B1BC-BAC9-43B5-9BFE-52EDD7DBC934}.Release|x86.Build.0 = Release|Win32
	EndGlobalSection
	GlobalSection(SolutionProperties) = preSolution
		HideSolutionNode = FALSE
	EndGlobalSection
	GlobalSection(ExtensibilityGlobals) = postSolution
		SolutionGuid = {1A931616-BB1A-401F-B8C6-E0FA9D4BAC72}
	EndGlobalSection
EndGlobal
